# This file was autogenerated by Stack.
# You should not edit this file by hand.
# For more information, please see the documentation at:
#   https://docs.haskellstack.org/en/stable/lock_files

snapshots:
- completed:
    sha256: 2f5099f69ddb6abfe64400fe1e6a604e8e628f55e6837211cd70a81eb0a8fa4d
    size: 524154
    url: https://raw.githubusercontent.com/commercialhaskell/stackage-snapshots/master/lts/14/20.yaml
  original: lts-14.20
packages:
- completed:
    name: pdeprelude
    version: 0.2.0.0
    git: https://github.com/10Pines/pdepreludat.git
    pantry-tree:
      sha256: 7402465a74f8d007bae91d1ed17e2ae79838a3425373b0b850f40209e92d031e
      size: 2541
    commit: 588fdec969f6d1eed180c16678f18977bf78ef84
    cabal-file:
      sha256: a1eb07a8d03dc04297f246316e84e3119ad73d4e99a72507df5491afdecfb8a9
      size: 1745
  original:
    git: https://github.com/10Pines/pdepreludat.git
    commit: 588fdec969f6d1eed180c16678f18977bf78ef84
